
Microsoft Visual Studio Solution File, Format Version 12.00
# Visual Studio Version 16
VisualStudioVersion = 16.0.29709.97
MinimumVisualStudioVersion = 10.0.40219.1
Project("{FAE04EC0-301F-11D3-BF4B-00C04F79EFBC}") = "Umbrella.App", "Umbrella.App\Umbrella.App.csproj", "{2680962A-2A1D-4D3C-846C-26742A5B8A0A}"
EndProject
Global
	GlobalSection(SolutionConfigurationPlatforms) = preSolution
		Debug|Any CPU = Debug|Any CPU
		Release|Any CPU = Release|Any CPU
	EndGlobalSection
	GlobalSection(ProjectConfigurationPlatforms) = postSolution
		{2680962A-2A1D-4D3C-846C-26742A5B8A0A}.Debug|Any CPU.ActiveCfg = Debug|Any CPU
		{2680962A-2A1D-4D3C-846C-26742A5B8A0A}.Debug|Any CPU.Build.0 = Debug|Any CPU
		{2680962A-2A1D-4D3C-846C-26742A5B8A0A}.Release|Any CPU.ActiveCfg = Release|Any CPU
		{2680962A-2A1D-4D3C-846C-26742A5B8A0A}.Release|Any CPU.Build.0 = Release|Any CPU
	EndGlobalSection
	GlobalSection(SolutionProperties) = preSolution
		HideSolutionNode = FALSE
	EndGlobalSection
	GlobalSection(ExtensibilityGlobals) = postSolution
		SolutionGuid = {328E120A-69E9-4A88-A548-7AF5D3284A54}
	EndGlobalSection
EndGlobal
